
Microsoft Visual Studio Solution File, Format Version 12.00
# Visual Studio Version 16
VisualStudioVersion = 16.0.29424.173
MinimumVisualStudioVersion = 10.0.40219.1
Project("{FAE04EC0-301F-11D3-BF4B-00C04F79EFBC}") = "lbAPS7", "lbAPS7\lbAPS7.csproj", "{068550C0-D542-4CA3-A760-6C69FA8D4DDA}"
EndProject
Global
	GlobalSection(SolutionConfigurationPlatforms) = preSolution
		Debug|Any CPU = Debug|Any CPU
		Release|Any CPU = Release|Any CPU
	EndGlobalSection
	GlobalSection(ProjectConfigurationPlatforms) = postSolution
		{068550C0-D542-4CA3-A760-6C69FA8D4DDA}.Debug|Any CPU.ActiveCfg = Debug|Any CPU
		{068550C0-D542-4CA3-A760-6C69FA8D4DDA}.Debug|Any CPU.Build.0 = Debug|Any CPU
		{068550C0-D542-4CA3-A760-6C69FA8D4DDA}.Release|Any CPU.ActiveCfg = Release|Any CPU
		{068550C0-D542-4CA3-A760-6C69FA8D4DDA}.Release|Any CPU.Build.0 = Release|Any CPU
	EndGlobalSection
	GlobalSection(SolutionProperties) = preSolution
		HideSolutionNode = FALSE
	EndGlobalSection
	GlobalSection(ExtensibilityGlobals) = postSolution
		SolutionGuid = {514475D0-3101-482D-A62A-9A7E1EA641B9}
	EndGlobalSection
EndGlobal
